// !$*UTF8*$!
{
	archiveVersion = 1;
	classes = {
	};
	objectVersion = 46;
	objects = {

/* Begin PBXBuildFile section */
		2533B7661E8A3F8D00E5F20A /* WebViewController.m in Sources */ = {isa = PBXBuildFile; fileRef = 2533B7621E8A3F8D00E5F20A /* WebViewController.m */; };
		2533B7671E8A3F8D00E5F20A /* FoodModel.m in Sources */ = {isa = PBXBuildFile; fileRef = 2533B7651E8A3F8D00E5F20A /* FoodModel.m */; };
		861F30371F15149700E88EFD /* MainViewController.m in Sources */ = {isa = PBXBuildFile; fileRef = 861F30361F15149700E88EFD /* MainViewController.m */; };
		861F303A1F1516B000E88EFD /* TabBarModel.m in Sources */ = {isa = PBXBuildFile; fileRef = 861F30391F1516B000E88EFD /* TabBarModel.m */; };
		861F303D1F151AC600E88EFD /* TabBarSetting.json in Resources */ = {isa = PBXBuildFile; fileRef = 861F303C1F151AC600E88EFD /* TabBarSetting.json */; };
		861F30401F152AFD00E88EFD /* NullViewController.m in Sources */ = {isa = PBXBuildFile; fileRef = 861F303F1F152AFD00E88EFD /* NullViewController.m */; };
		8628EC501EE4418700E4DB9D /* MessageBoxView.m in Sources */ = {isa = PBXBuildFile; fileRef = 8628EC4F1EE4418700E4DB9D /* MessageBoxView.m */; };
		8635D8671E9A0170005310EC /* LoginViewController.m in Sources */ = {isa = PBXBuildFile; fileRef = 8635D8641E9A0170005310EC /* LoginViewController.m */; };
		8635D86A1E9A22A0005310EC /* UserModel.m in Sources */ = {isa = PBXBuildFile; fileRef = 8635D8691E9A22A0005310EC /* UserModel.m */; };
		8635D86D1E9A2AD4005310EC /* LoginView.m in Sources */ = {isa = PBXBuildFile; fileRef = 8635D86C1E9A2AD4005310EC /* LoginView.m */; };
		8636FD781EEA9128001A64C0 /* NSDate+CCTools.m in Sources */ = {isa = PBXBuildFile; fileRef = 8636FD631EEA9128001A64C0 /* NSDate+CCTools.m */; };
		8636FD791EEA9128001A64C0 /* NSMutableAttributedString+CCTools.m in Sources */ = {isa = PBXBuildFile; fileRef = 8636FD651EEA9128001A64C0 /* NSMutableAttributedString+CCTools.m */; };
		8636FD7A1EEA9128001A64C0 /* NSString+CCTools.m in Sources */ = {isa = PBXBuildFile; fileRef = 8636FD671EEA9128001A64C0 /* NSString+CCTools.m */; };
		8636FD7B1EEA9128001A64C0 /* UIBarButtonItem+CCTools.m in Sources */ = {isa = PBXBuildFile; fileRef = 8636FD6B1EEA9128001A64C0 /* UIBarButtonItem+CCTools.m */; };
		8636FD7C1EEA9128001A64C0 /* UIButton+CCTools.m in Sources */ = {isa = PBXBuildFile; fileRef = 8636FD6D1EEA9128001A64C0 /* UIButton+CCTools.m */; };
		8636FD7D1EEA9128001A64C0 /* UIColor+CCTools.m in Sources */ = {isa = PBXBuildFile; fileRef = 8636FD6F1EEA9128001A64C0 /* UIColor+CCTools.m */; };
		8636FD7E1EEA9128001A64C0 /* UIImage+CCTools.m in Sources */ = {isa = PBXBuildFile; fileRef = 8636FD711EEA9128001A64C0 /* UIImage+CCTools.m */; };
		8636FD7F1EEA9128001A64C0 /* UILabel+CCTools.m in Sources */ = {isa = PBXBuildFile; fileRef = 8636FD731EEA9128001A64C0 /* UILabel+CCTools.m */; };
		8636FD801EEA9128001A64C0 /* UIView+CCTools.m in Sources */ = {isa = PBXBuildFile; fileRef = 8636FD751EEA9128001A64C0 /* UIView+CCTools.m */; };
		8636FD811EEA9128001A64C0 /* UIWindow+CCTools.m in Sources */ = {isa = PBXBuildFile; fileRef = 8636FD771EEA9128001A64C0 /* UIWindow+CCTools.m */; };
		8636FD841EEA9150001A64C0 /* MBProgressHUD+CCTools.m in Sources */ = {isa = PBXBuildFile; fileRef = 8636FD831EEA9150001A64C0 /* MBProgressHUD+CCTools.m */; };
		8636FD871EEA9910001A64C0 /* WaveButton.m in Sources */ = {isa = PBXBuildFile; fileRef = 8636FD861EEA9910001A64C0 /* WaveButton.m */; };
		86F5F04D1E7E8B6E00069983 /* main.m in Sources */ = {isa = PBXBuildFile; fileRef = 86F5F04C1E7E8B6E00069983 /* main.m */; };
		86F5F0501E7E8B6E00069983 /* AppDelegate.m in Sources */ = {isa = PBXBuildFile; fileRef = 86F5F04F1E7E8B6E00069983 /* AppDelegate.m */; };
		86F5F0531E7E8B6E00069983 /* TestViewController.m in Sources */ = {isa = PBXBuildFile; fileRef = 86F5F0521E7E8B6E00069983 /* TestViewController.m */; };
		86F5F0581E7E8B6E00069983 /* Assets.xcassets in Resources */ = {isa = PBXBuildFile; fileRef = 86F5F0571E7E8B6E00069983 /* Assets.xcassets */; };
		8E26842C029DDFD6A7B8368E /* libPods-CCFreshStoreApp.a in Frameworks */ = {isa = PBXBuildFile; fileRef = FC922E578A1EDBA0A37A491B /* libPods-CCFreshStoreApp.a */; };
		EE1453221EE6A88A00FFB935 /* RegisterView.m in Sources */ = {isa = PBXBuildFile; fileRef = EE1453211EE6A88A00FFB935 /* RegisterView.m */; };
/* End PBXBuildFile section */

/* Begin PBXFileReference section */
		2533B7611E8A3F8D00E5F20A /* WebViewController.h */ = {isa = PBXFileReference; fileEncoding = 4; lastKnownFileType = sourcecode.c.h; path = WebViewController.h; sourceTree = "<group>"; };
		2533B7621E8A3F8D00E5F20A /* WebViewController.m */ = {isa = PBXFileReference; fileEncoding = 4; lastKnownFileType = sourcecode.c.objc; path = WebViewController.m; sourceTree = "<group>"; };
		2533B7641E8A3F8D00E5F20A /* FoodModel.h */ = {isa = PBXFileReference; fileEncoding = 4; lastKnownFileType = sourcecode.c.h; path = FoodModel.h; sourceTree = "<group>"; };
		2533B7651E8A3F8D00E5F20A /* FoodModel.m */ = {isa = PBXFileReference; fileEncoding = 4; lastKnownFileType = sourcecode.c.objc; path = FoodModel.m; sourceTree = "<group>"; };
		5BABEC59049935BCE8ED0FD6 /* Pods-CCFreshStoreApp.release.xcconfig */ = {isa = PBXFileReference; includeInIndex = 1; lastKnownFileType = text.xcconfig; name = "Pods-CCFreshStoreApp.release.xcconfig"; path = "Pods/Target Support Files/Pods-CCFreshStoreApp/Pods-CCFreshStoreApp.release.xcconfig"; sourceTree = "<group>"; };
		6EFE9F1037C261D27434EC01 /* Pods-CCFreshStoreApp.debug.xcconfig */ = {isa = PBXFileReference; includeInIndex = 1; lastKnownFileType = text.xcconfig; name = "Pods-CCFreshStoreApp.debug.xcconfig"; path = "Pods/Target Support Files/Pods-CCFreshStoreApp/Pods-CCFreshStoreApp.debug.xcconfig"; sourceTree = "<group>"; };
		861F30351F15149700E88EFD /* MainViewController.h */ = {isa = PBXFileReference; fileEncoding = 4; lastKnownFileType = sourcecode.c.h; path = MainViewController.h; sourceTree = "<group>"; };
		861F30361F15149700E88EFD /* MainViewController.m */ = {isa = PBXFileReference; fileEncoding = 4; lastKnownFileType = sourcecode.c.objc; path = MainViewController.m; sourceTree = "<group>"; };
		861F30381F1516B000E88EFD /* TabBarModel.h */ = {isa = PBXFileReference; fileEncoding = 4; lastKnownFileType = sourcecode.c.h; path = TabBarModel.h; sourceTree = "<group>"; };
		861F30391F1516B000E88EFD /* TabBarModel.m */ = {isa = PBXFileReference; fileEncoding = 4; lastKnownFileType = sourcecode.c.objc; path = TabBarModel.m; sourceTree = "<group>"; };
		861F303C1F151AC600E88EFD /* TabBarSetting.json */ = {isa = PBXFileReference; fileEncoding = 4; lastKnownFileType = text.json; path = TabBarSetting.json; sourceTree = "<group>"; };
		861F303E1F152AFD00E88EFD /* NullViewController.h */ = {isa = PBXFileReference; fileEncoding = 4; lastKnownFileType = sourcecode.c.h; path = NullViewController.h; sourceTree = "<group>"; };
		861F303F1F152AFD00E88EFD /* NullViewController.m */ = {isa = PBXFileReference; fileEncoding = 4; lastKnownFileType = sourcecode.c.objc; path = NullViewController.m; sourceTree = "<group>"; };
		8628EC4E1EE4418700E4DB9D /* MessageBoxView.h */ = {isa = PBXFileReference; fileEncoding = 4; lastKnownFileType = sourcecode.c.h; path = MessageBoxView.h; sourceTree = "<group>"; };
		8628EC4F1EE4418700E4DB9D /* MessageBoxView.m */ = {isa = PBXFileReference; fileEncoding = 4; lastKnownFileType = sourcecode.c.objc; path = MessageBoxView.m; sourceTree = "<group>"; };
		8635D8631E9A0170005310EC /* LoginViewController.h */ = {isa = PBXFileReference; fileEncoding = 4; lastKnownFileType = sourcecode.c.h; path = LoginViewController.h; sourceTree = "<group>"; };
		8635D8641E9A0170005310EC /* LoginViewController.m */ = {isa = PBXFileReference; fileEncoding = 4; lastKnownFileType = sourcecode.c.objc; path = LoginViewController.m; sourceTree = "<group>"; };
		8635D8681E9A22A0005310EC /* UserModel.h */ = {isa = PBXFileReference; fileEncoding = 4; lastKnownFileType = sourcecode.c.h; path = UserModel.h; sourceTree = "<group>"; };
		8635D8691E9A22A0005310EC /* UserModel.m */ = {isa = PBXFileReference; fileEncoding = 4; lastKnownFileType = sourcecode.c.objc; path = UserModel.m; sourceTree = "<group>"; };
		8635D86B1E9A2AD4005310EC /* LoginView.h */ = {isa = PBXFileReference; fileEncoding = 4; lastKnownFileType = sourcecode.c.h; path = LoginView.h; sourceTree = "<group>"; };
		8635D86C1E9A2AD4005310EC /* LoginView.m */ = {isa = PBXFileReference; fileEncoding = 4; lastKnownFileType = sourcecode.c.objc; path = LoginView.m; sourceTree = "<group>"; };
		8636FD621EEA9128001A64C0 /* NSDate+CCTools.h */ = {isa = PBXFileReference; fileEncoding = 4; lastKnownFileType = sourcecode.c.h; path = "NSDate+CCTools.h"; sourceTree = "<group>"; };
		8636FD631EEA9128001A64C0 /* NSDate+CCTools.m */ = {isa = PBXFileReference; fileEncoding = 4; lastKnownFileType = sourcecode.c.objc; path = "NSDate+CCTools.m"; sourceTree = "<group>"; };
		8636FD641EEA9128001A64C0 /* NSMutableAttributedString+CCTools.h */ = {isa = PBXFileReference; fileEncoding = 4; lastKnownFileType = sourcecode.c.h; path = "NSMutableAttributedString+CCTools.h"; sourceTree = "<group>"; };
		8636FD651EEA9128001A64C0 /* NSMutableAttributedString+CCTools.m */ = {isa = PBXFileReference; fileEncoding = 4; lastKnownFileType = sourcecode.c.objc; path = "NSMutableAttributedString+CCTools.m"; sourceTree = "<group>"; };
		8636FD661EEA9128001A64C0 /* NSString+CCTools.h */ = {isa = PBXFileReference; fileEncoding = 4; lastKnownFileType = sourcecode.c.h; path = "NSString+CCTools.h"; sourceTree = "<group>"; };
		8636FD671EEA9128001A64C0 /* NSString+CCTools.m */ = {isa = PBXFileReference; fileEncoding = 4; lastKnownFileType = sourcecode.c.objc; path = "NSString+CCTools.m"; sourceTree = "<group>"; };
		8636FD6A1EEA9128001A64C0 /* UIBarButtonItem+CCTools.h */ = {isa = PBXFileReference; fileEncoding = 4; lastKnownFileType = sourcecode.c.h; path = "UIBarButtonItem+CCTools.h"; sourceTree = "<group>"; };
		8636FD6B1EEA9128001A64C0 /* UIBarButtonItem+CCTools.m */ = {isa = PBXFileReference; fileEncoding = 4; lastKnownFileType = sourcecode.c.objc; path = "UIBarButtonItem+CCTools.m"; sourceTree = "<group>"; };
		8636FD6C1EEA9128001A64C0 /* UIButton+CCTools.h */ = {isa = PBXFileReference; fileEncoding = 4; lastKnownFileType = sourcecode.c.h; path = "UIButton+CCTools.h"; sourceTree = "<group>"; };
		8636FD6D1EEA9128001A64C0 /* UIButton+CCTools.m */ = {isa = PBXFileReference; fileEncoding = 4; lastKnownFileType = sourcecode.c.objc; path = "UIButton+CCTools.m"; sourceTree = "<group>"; };
		8636FD6E1EEA9128001A64C0 /* UIColor+CCTools.h */ = {isa = PBXFileReference; fileEncoding = 4; lastKnownFileType = sourcecode.c.h; path = "UIColor+CCTools.h"; sourceTree = "<group>"; };
		8636FD6F1EEA9128001A64C0 /* UIColor+CCTools.m */ = {isa = PBXFileReference; fileEncoding = 4; lastKnownFileType = sourcecode.c.objc; path = "UIColor+CCTools.m"; sourceTree = "<group>"; };
		8636FD701EEA9128001A64C0 /* UIImage+CCTools.h */ = {isa = PBXFileReference; fileEncoding = 4; lastKnownFileType = sourcecode.c.h; path = "UIImage+CCTools.h"; sourceTree = "<group>"; };
		8636FD711EEA9128001A64C0 /* UIImage+CCTools.m */ = {isa = PBXFileReference; fileEncoding = 4; lastKnownFileType = sourcecode.c.objc; path = "UIImage+CCTools.m"; sourceTree = "<group>"; };
		8636FD721EEA9128001A64C0 /* UILabel+CCTools.h */ = {isa = PBXFileReference; fileEncoding = 4; lastKnownFileType = sourcecode.c.h; path = "UILabel+CCTools.h"; sourceTree = "<group>"; };
		8636FD731EEA9128001A64C0 /* UILabel+CCTools.m */ = {isa = PBXFileReference; fileEncoding = 4; lastKnownFileType = sourcecode.c.objc; path = "UILabel+CCTools.m"; sourceTree = "<group>"; };
		8636FD741EEA9128001A64C0 /* UIView+CCTools.h */ = {isa = PBXFileReference; fileEncoding = 4; lastKnownFileType = sourcecode.c.h; path = "UIView+CCTools.h"; sourceTree = "<group>"; };
		8636FD751EEA9128001A64C0 /* UIView+CCTools.m */ = {isa = PBXFileReference; fileEncoding = 4; lastKnownFileType = sourcecode.c.objc; path = "UIView+CCTools.m"; sourceTree = "<group>"; };
		8636FD761EEA9128001A64C0 /* UIWindow+CCTools.h */ = {isa = PBXFileReference; fileEncoding = 4; lastKnownFileType = sourcecode.c.h; path = "UIWindow+CCTools.h"; sourceTree = "<group>"; };
		8636FD771EEA9128001A64C0 /* UIWindow+CCTools.m */ = {isa = PBXFileReference; fileEncoding = 4; lastKnownFileType = sourcecode.c.objc; path = "UIWindow+CCTools.m"; sourceTree = "<group>"; };
		8636FD821EEA9150001A64C0 /* MBProgressHUD+CCTools.h */ = {isa = PBXFileReference; fileEncoding = 4; lastKnownFileType = sourcecode.c.h; path = "MBProgressHUD+CCTools.h"; sourceTree = "<group>"; };
		8636FD831EEA9150001A64C0 /* MBProgressHUD+CCTools.m */ = {isa = PBXFileReference; fileEncoding = 4; lastKnownFileType = sourcecode.c.objc; path = "MBProgressHUD+CCTools.m"; sourceTree = "<group>"; };
		8636FD851EEA9910001A64C0 /* WaveButton.h */ = {isa = PBXFileReference; fileEncoding = 4; lastKnownFileType = sourcecode.c.h; path = WaveButton.h; sourceTree = "<group>"; };
		8636FD861EEA9910001A64C0 /* WaveButton.m */ = {isa = PBXFileReference; fileEncoding = 4; lastKnownFileType = sourcecode.c.objc; path = WaveButton.m; sourceTree = "<group>"; };
		863DFDD91E895EE200A515F2 /* Const.h */ = {isa = PBXFileReference; lastKnownFileType = sourcecode.c.h; path = Const.h; sourceTree = "<group>"; };
		86F5F0481E7E8B6E00069983 /* CCFreshStoreApp.app */ = {isa = PBXFileReference; explicitFileType = wrapper.application; includeInIndex = 0; path = CCFreshStoreApp.app; sourceTree = BUILT_PRODUCTS_DIR; };
		86F5F04C1E7E8B6E00069983 /* main.m */ = {isa = PBXFileReference; lastKnownFileType = sourcecode.c.objc; path = main.m; sourceTree = "<group>"; };
		86F5F04E1E7E8B6E00069983 /* AppDelegate.h */ = {isa = PBXFileReference; lastKnownFileType = sourcecode.c.h; path = AppDelegate.h; sourceTree = "<group>"; };
		86F5F04F1E7E8B6E00069983 /* AppDelegate.m */ = {isa = PBXFileReference; lastKnownFileType = sourcecode.c.objc; path = AppDelegate.m; sourceTree = "<group>"; };
		86F5F0511E7E8B6E00069983 /* TestViewController.h */ = {isa = PBXFileReference; lastKnownFileType = sourcecode.c.h; path = TestViewController.h; sourceTree = "<group>"; };
		86F5F0521E7E8B6E00069983 /* TestViewController.m */ = {isa = PBXFileReference; lastKnownFileType = sourcecode.c.objc; path = TestViewController.m; sourceTree = "<group>"; };
		86F5F0571E7E8B6E00069983 /* Assets.xcassets */ = {isa = PBXFileReference; lastKnownFileType = folder.assetcatalog; path = Assets.xcassets; sourceTree = "<group>"; };
		86F5F05C1E7E8B6E00069983 /* Info.plist */ = {isa = PBXFileReference; lastKnownFileType = text.plist.xml; path = Info.plist; sourceTree = "<group>"; };
		86F5F0621E7E8B7C00069983 /* CCFreshStoreApp.entitlements */ = {isa = PBXFileReference; lastKnownFileType = text.plist.entitlements; path = CCFreshStoreApp.entitlements; sourceTree = "<group>"; };
		EE1453201EE6A88A00FFB935 /* RegisterView.h */ = {isa = PBXFileReference; fileEncoding = 4; lastKnownFileType = sourcecode.c.h; path = RegisterView.h; sourceTree = "<group>"; };
		EE1453211EE6A88A00FFB935 /* RegisterView.m */ = {isa = PBXFileReference; fileEncoding = 4; lastKnownFileType = sourcecode.c.objc; path = RegisterView.m; sourceTree = "<group>"; };
		FC922E578A1EDBA0A37A491B /* libPods-CCFreshStoreApp.a */ = {isa = PBXFileReference; explicitFileType = archive.ar; includeInIndex = 0; path = "libPods-CCFreshStoreApp.a"; sourceTree = BUILT_PRODUCTS_DIR; };
/* End PBXFileReference section */

/* Begin PBXFrameworksBuildPhase section */
		86F5F0451E7E8B6E00069983 /* Frameworks */ = {
			isa = PBXFrameworksBuildPhase;
			buildActionMask = 2147483647;
			files = (
				8E26842C029DDFD6A7B8368E /* libPods-CCFreshStoreApp.a in Frameworks */,
			);
			runOnlyForDeploymentPostprocessing = 0;
		};
/* End PBXFrameworksBuildPhase section */

/* Begin PBXGroup section */
		2533B75F1E8A3F8D00E5F20A /* Main */ = {
			isa = PBXGroup;
			children = (
				2533B7601E8A3F8D00E5F20A /* Controller */,
				2533B7631E8A3F8D00E5F20A /* Model */,
				861F303B1F151AC600E88EFD /* Resource */,
			);
			path = Main;
			sourceTree = "<group>";
		};
		2533B7601E8A3F8D00E5F20A /* Controller */ = {
			isa = PBXGroup;
			children = (
				861F30351F15149700E88EFD /* MainViewController.h */,
				861F30361F15149700E88EFD /* MainViewController.m */,
				2533B7611E8A3F8D00E5F20A /* WebViewController.h */,
				2533B7621E8A3F8D00E5F20A /* WebViewController.m */,
				861F303E1F152AFD00E88EFD /* NullViewController.h */,
				861F303F1F152AFD00E88EFD /* NullViewController.m */,
			);
			path = Controller;
			sourceTree = "<group>";
		};
		2533B7631E8A3F8D00E5F20A /* Model */ = {
			isa = PBXGroup;
			children = (
				2533B7641E8A3F8D00E5F20A /* FoodModel.h */,
				2533B7651E8A3F8D00E5F20A /* FoodModel.m */,
				861F30381F1516B000E88EFD /* TabBarModel.h */,
				861F30391F1516B000E88EFD /* TabBarModel.m */,
			);
			path = Model;
			sourceTree = "<group>";
		};
		4AFE26E0BC4102C618F34010 /* Frameworks */ = {
			isa = PBXGroup;
			children = (
				FC922E578A1EDBA0A37A491B /* libPods-CCFreshStoreApp.a */,
			);
			name = Frameworks;
			sourceTree = "<group>";
		};
		5932FE5A56D3D733F5BB62FA /* Pods */ = {
			isa = PBXGroup;
			children = (
				6EFE9F1037C261D27434EC01 /* Pods-CCFreshStoreApp.debug.xcconfig */,
				5BABEC59049935BCE8ED0FD6 /* Pods-CCFreshStoreApp.release.xcconfig */,
			);
			name = Pods;
			sourceTree = "<group>";
		};
		861F303B1F151AC600E88EFD /* Resource */ = {
			isa = PBXGroup;
			children = (
				861F303C1F151AC600E88EFD /* TabBarSetting.json */,
			);
			path = Resource;
			sourceTree = "<group>";
		};
		8635D8611E9A0170005310EC /* Login */ = {
			isa = PBXGroup;
			children = (
				8635D8621E9A0170005310EC /* Controller */,
				8635D8651E9A0170005310EC /* Model */,
				8635D8661E9A0170005310EC /* View */,
			);
			path = Login;
			sourceTree = "<group>";
		};
		8635D8621E9A0170005310EC /* Controller */ = {
			isa = PBXGroup;
			children = (
				8635D8631E9A0170005310EC /* LoginViewController.h */,
				8635D8641E9A0170005310EC /* LoginViewController.m */,
			);
			path = Controller;
			sourceTree = "<group>";
		};
		8635D8651E9A0170005310EC /* Model */ = {
			isa = PBXGroup;
			children = (
				8635D8681E9A22A0005310EC /* UserModel.h */,
				8635D8691E9A22A0005310EC /* UserModel.m */,
			);
			path = Model;
			sourceTree = "<group>";
		};
		8635D8661E9A0170005310EC /* View */ = {
			isa = PBXGroup;
			children = (
				8635D86B1E9A2AD4005310EC /* LoginView.h */,
				8635D86C1E9A2AD4005310EC /* LoginView.m */,
				EE1453201EE6A88A00FFB935 /* RegisterView.h */,
				EE1453211EE6A88A00FFB935 /* RegisterView.m */,
				8628EC4E1EE4418700E4DB9D /* MessageBoxView.h */,
				8628EC4F1EE4418700E4DB9D /* MessageBoxView.m */,
				8636FD851EEA9910001A64C0 /* WaveButton.h */,
				8636FD861EEA9910001A64C0 /* WaveButton.m */,
			);
			path = View;
			sourceTree = "<group>";
		};
		8636FD601EEA9128001A64C0 /* Category */ = {
			isa = PBXGroup;
			children = (
				8636FD611EEA9128001A64C0 /* Foundation */,
				8636FD681EEA9128001A64C0 /* MBProgressHUD */,
				8636FD691EEA9128001A64C0 /* UIKit */,
			);
			path = Category;
			sourceTree = "<group>";
		};
		8636FD611EEA9128001A64C0 /* Foundation */ = {
			isa = PBXGroup;
			children = (
				8636FD621EEA9128001A64C0 /* NSDate+CCTools.h */,
				8636FD631EEA9128001A64C0 /* NSDate+CCTools.m */,
				8636FD641EEA9128001A64C0 /* NSMutableAttributedString+CCTools.h */,
				8636FD651EEA9128001A64C0 /* NSMutableAttributedString+CCTools.m */,
				8636FD661EEA9128001A64C0 /* NSString+CCTools.h */,
				8636FD671EEA9128001A64C0 /* NSString+CCTools.m */,
			);
			path = Foundation;
			sourceTree = "<group>";
		};
		8636FD681EEA9128001A64C0 /* MBProgressHUD */ = {
			isa = PBXGroup;
			children = (
				8636FD821EEA9150001A64C0 /* MBProgressHUD+CCTools.h */,
				8636FD831EEA9150001A64C0 /* MBProgressHUD+CCTools.m */,
			);
			path = MBProgressHUD;
			sourceTree = "<group>";
		};
		8636FD691EEA9128001A64C0 /* UIKit */ = {
			isa = PBXGroup;
			children = (
				8636FD6A1EEA9128001A64C0 /* UIBarButtonItem+CCTools.h */,
				8636FD6B1EEA9128001A64C0 /* UIBarButtonItem+CCTools.m */,
				8636FD6C1EEA9128001A64C0 /* UIButton+CCTools.h */,
				8636FD6D1EEA9128001A64C0 /* UIButton+CCTools.m */,
				8636FD6E1EEA9128001A64C0 /* UIColor+CCTools.h */,
				8636FD6F1EEA9128001A64C0 /* UIColor+CCTools.m */,
				8636FD701EEA9128001A64C0 /* UIImage+CCTools.h */,
				8636FD711EEA9128001A64C0 /* UIImage+CCTools.m */,
				8636FD721EEA9128001A64C0 /* UILabel+CCTools.h */,
				8636FD731EEA9128001A64C0 /* UILabel+CCTools.m */,
				8636FD741EEA9128001A64C0 /* UIView+CCTools.h */,
				8636FD751EEA9128001A64C0 /* UIView+CCTools.m */,
				8636FD761EEA9128001A64C0 /* UIWindow+CCTools.h */,
				8636FD771EEA9128001A64C0 /* UIWindow+CCTools.m */,
			);
			path = UIKit;
			sourceTree = "<group>";
		};
		86F5F03F1E7E8B6E00069983 = {
			isa = PBXGroup;
			children = (
				86F5F04A1E7E8B6E00069983 /* CCFreshStoreApp */,
				86F5F0491E7E8B6E00069983 /* Products */,
				5932FE5A56D3D733F5BB62FA /* Pods */,
				4AFE26E0BC4102C618F34010 /* Frameworks */,
			);
			sourceTree = "<group>";
		};
		86F5F0491E7E8B6E00069983 /* Products */ = {
			isa = PBXGroup;
			children = (
				86F5F0481E7E8B6E00069983 /* CCFreshStoreApp.app */,
			);
			name = Products;
			sourceTree = "<group>";
		};
		86F5F04A1E7E8B6E00069983 /* CCFreshStoreApp */ = {
			isa = PBXGroup;
			children = (
				86F5F0621E7E8B7C00069983 /* CCFreshStoreApp.entitlements */,
				86F5F04E1E7E8B6E00069983 /* AppDelegate.h */,
				86F5F04F1E7E8B6E00069983 /* AppDelegate.m */,
				863DFDD91E895EE200A515F2 /* Const.h */,
				8636FD601EEA9128001A64C0 /* Category */,
				8635D8611E9A0170005310EC /* Login */,
				2533B75F1E8A3F8D00E5F20A /* Main */,
				86F5F0511E7E8B6E00069983 /* TestViewController.h */,
				86F5F0521E7E8B6E00069983 /* TestViewController.m */,
				86F5F0571E7E8B6E00069983 /* Assets.xcassets */,
				86F5F05C1E7E8B6E00069983 /* Info.plist */,
				86F5F04B1E7E8B6E00069983 /* Supporting Files */,
			);
			path = CCFreshStoreApp;
			sourceTree = "<group>";
		};
		86F5F04B1E7E8B6E00069983 /* Supporting Files */ = {
			isa = PBXGroup;
			children = (
				86F5F04C1E7E8B6E00069983 /* main.m */,
			);
			name = "Supporting Files";
			sourceTree = "<group>";
		};
/* End PBXGroup section */

/* Begin PBXNativeTarget section */
		86F5F0471E7E8B6E00069983 /* CCFreshStoreApp */ = {
			isa = PBXNativeTarget;
			buildConfigurationList = 86F5F05F1E7E8B6E00069983 /* Build configuration list for PBXNativeTarget "CCFreshStoreApp" */;
			buildPhases = (
				4ACB440B7FB43386B7EC1CD3 /* [CP] Check Pods Manifest.lock */,
				86F5F0441E7E8B6E00069983 /* Sources */,
				86F5F0451E7E8B6E00069983 /* Frameworks */,
				86F5F0461E7E8B6E00069983 /* Resources */,
				993DDEAB1DDFCCED5A25458C /* [CP] Embed Pods Frameworks */,
				621EABAF81FAE0CABA556A7E /* [CP] Copy Pods Resources */,
			);
			buildRules = (
			);
			dependencies = (
			);
			name = CCFreshStoreApp;
			productName = CCFreshStoreApp;
			productReference = 86F5F0481E7E8B6E00069983 /* CCFreshStoreApp.app */;
			productType = "com.apple.product-type.application";
		};
/* End PBXNativeTarget section */

/* Begin PBXProject section */
		86F5F0401E7E8B6E00069983 /* Project object */ = {
			isa = PBXProject;
			attributes = {
				LastUpgradeCheck = 0820;
				ORGANIZATIONNAME = "Chen Chen";
				TargetAttributes = {
					86F5F0471E7E8B6E00069983 = {
						CreatedOnToolsVersion = 8.2.1;
						DevelopmentTeam = 72SC2S8T6M;
						LastSwiftMigration = 0830;
						ProvisioningStyle = Automatic;
						SystemCapabilities = {
							com.apple.BackgroundModes = {
								enabled = 1;
							};
							com.apple.Keychain = {
								enabled = 1;
							};
						};
					};
				};
			};
			buildConfigurationList = 86F5F0431E7E8B6E00069983 /* Build configuration list for PBXProject "CCFreshStoreApp" */;
			compatibilityVersion = "Xcode 3.2";
			developmentRegion = English;
			hasScannedForEncodings = 0;
			knownRegions = (
				en,
				Base,
			);
			mainGroup = 86F5F03F1E7E8B6E00069983;
			productRefGroup = 86F5F0491E7E8B6E00069983 /* Products */;
			projectDirPath = "";
			projectRoot = "";
			targets = (
				86F5F0471E7E8B6E00069983 /* CCFreshStoreApp */,
			);
		};
/* End PBXProject section */

/* Begin PBXResourcesBuildPhase section */
		86F5F0461E7E8B6E00069983 /* Resources */ = {
			isa = PBXResourcesBuildPhase;
			buildActionMask = 2147483647;
			files = (
				861F303D1F151AC600E88EFD /* TabBarSetting.json in Resources */,
				86F5F0581E7E8B6E00069983 /* Assets.xcassets in Resources */,
			);
			runOnlyForDeploymentPostprocessing = 0;
		};
/* End PBXResourcesBuildPhase section */

/* Begin PBXShellScriptBuildPhase section */
		4ACB440B7FB43386B7EC1CD3 /* [CP] Check Pods Manifest.lock */ = {
			isa = PBXShellScriptBuildPhase;
			buildActionMask = 2147483647;
			files = (
			);
			inputPaths = (
			);
			name = "[CP] Check Pods Manifest.lock";
			outputPaths = (
			);
			runOnlyForDeploymentPostprocessing = 0;
			shellPath = /bin/sh;
			shellScript = "diff \"${PODS_ROOT}/../Podfile.lock\" \"${PODS_ROOT}/Manifest.lock\" > /dev/null\nif [ $? != 0 ] ; then\n    # print error to STDERR\n    echo \"error: The sandbox is not in sync with the Podfile.lock. Run 'pod install' or update your CocoaPods installation.\" >&2\n    exit 1\nfi\n";
			showEnvVarsInLog = 0;
		};
		621EABAF81FAE0CABA556A7E /* [CP] Copy Pods Resources */ = {
			isa = PBXShellScriptBuildPhase;
			buildActionMask = 2147483647;
			files = (
			);
			inputPaths = (
			);
			name = "[CP] Copy Pods Resources";
			outputPaths = (
			);
			runOnlyForDeploymentPostprocessing = 0;
			shellPath = /bin/sh;
			shellScript = "\"${SRCROOT}/Pods/Target Support Files/Pods-CCFreshStoreApp/Pods-CCFreshStoreApp-resources.sh\"\n";
			showEnvVarsInLog = 0;
		};
		993DDEAB1DDFCCED5A25458C /* [CP] Embed Pods Frameworks */ = {
			isa = PBXShellScriptBuildPhase;
			buildActionMask = 2147483647;
			files = (
			);
			inputPaths = (
			);
			name = "[CP] Embed Pods Frameworks";
			outputPaths = (
			);
			runOnlyForDeploymentPostprocessing = 0;
			shellPath = /bin/sh;
			shellScript = "\"${SRCROOT}/Pods/Target Support Files/Pods-CCFreshStoreApp/Pods-CCFreshStoreApp-frameworks.sh\"\n";
			showEnvVarsInLog = 0;
		};
/* End PBXShellScriptBuildPhase section */

/* Begin PBXSourcesBuildPhase section */
		86F5F0441E7E8B6E00069983 /* Sources */ = {
			isa = PBXSourcesBuildPhase;
			buildActionMask = 2147483647;
			files = (
				8636FD791EEA9128001A64C0 /* NSMutableAttributedString+CCTools.m in Sources */,
				8636FD801EEA9128001A64C0 /* UIView+CCTools.m in Sources */,
				86F5F0531E7E8B6E00069983 /* TestViewController.m in Sources */,
				8635D86A1E9A22A0005310EC /* UserModel.m in Sources */,
				2533B7661E8A3F8D00E5F20A /* WebViewController.m in Sources */,
				8635D8671E9A0170005310EC /* LoginViewController.m in Sources */,
				EE1453221EE6A88A00FFB935 /* RegisterView.m in Sources */,
				8628EC501EE4418700E4DB9D /* MessageBoxView.m in Sources */,
				86F5F0501E7E8B6E00069983 /* AppDelegate.m in Sources */,
				8636FD7E1EEA9128001A64C0 /* UIImage+CCTools.m in Sources */,
				8636FD7C1EEA9128001A64C0 /* UIButton+CCTools.m in Sources */,
				861F30371F15149700E88EFD /* MainViewController.m in Sources */,
				86F5F04D1E7E8B6E00069983 /* main.m in Sources */,
				861F303A1F1516B000E88EFD /* TabBarModel.m in Sources */,
				8636FD871EEA9910001A64C0 /* WaveButton.m in Sources */,
				8636FD7F1EEA9128001A64C0 /* UILabel+CCTools.m in Sources */,
				8636FD7D1EEA9128001A64C0 /* UIColor+CCTools.m in Sources */,
				8635D86D1E9A2AD4005310EC /* LoginView.m in Sources */,
				8636FD7A1EEA9128001A64C0 /* NSString+CCTools.m in Sources */,
				8636FD781EEA9128001A64C0 /* NSDate+CCTools.m in Sources */,
				2533B7671E8A3F8D00E5F20A /* FoodModel.m in Sources */,
				8636FD7B1EEA9128001A64C0 /* UIBarButtonItem+CCTools.m in Sources */,
				861F30401F152AFD00E88EFD /* NullViewController.m in Sources */,
				8636FD841EEA9150001A64C0 /* MBProgressHUD+CCTools.m in Sources */,
				8636FD811EEA9128001A64C0 /* UIWindow+CCTools.m in Sources */,
			);
			runOnlyForDeploymentPostprocessing = 0;
		};
/* End PBXSourcesBuildPhase section */

/* Begin XCBuildConfiguration section */
		86F5F05D1E7E8B6E00069983 /* Debug */ = {
			isa = XCBuildConfiguration;
			buildSettings = {
				ALWAYS_SEARCH_USER_PATHS = NO;
				CLANG_ANALYZER_NONNULL = YES;
				CLANG_CXX_LANGUAGE_STANDARD = "gnu++0x";
				CLANG_CXX_LIBRARY = "libc++";
				CLANG_ENABLE_MODULES = YES;
				CLANG_ENABLE_OBJC_ARC = YES;
				CLANG_WARN_BOOL_CONVERSION = YES;
				CLANG_WARN_CONSTANT_CONVERSION = YES;
				CLANG_WARN_DIRECT_OBJC_ISA_USAGE = YES_ERROR;
				CLANG_WARN_DOCUMENTATION_COMMENTS = YES;
				CLANG_WARN_EMPTY_BODY = YES;
				CLANG_WARN_ENUM_CONVERSION = YES;
				CLANG_WARN_INFINITE_RECURSION = YES;
				CLANG_WARN_INT_CONVERSION = YES;
				CLANG_WARN_OBJC_ROOT_CLASS = YES_ERROR;
				CLANG_WARN_SUSPICIOUS_MOVE = YES;
				CLANG_WARN_UNREACHABLE_CODE = YES;
				CLANG_WARN__DUPLICATE_METHOD_MATCH = YES;
				"CODE_SIGN_IDENTITY[sdk=iphoneos*]" = "iPhone Developer";
				COPY_PHASE_STRIP = NO;
				DEBUG_INFORMATION_FORMAT = dwarf;
				ENABLE_STRICT_OBJC_MSGSEND = YES;
				ENABLE_TESTABILITY = YES;
				GCC_C_LANGUAGE_STANDARD = gnu99;
				GCC_DYNAMIC_NO_PIC = NO;
				GCC_NO_COMMON_BLOCKS = YES;
				GCC_OPTIMIZATION_LEVEL = 0;
				GCC_PREPROCESSOR_DEFINITIONS = (
					"DEBUG=1",
					"$(inherited)",
				);
				GCC_WARN_64_TO_32_BIT_CONVERSION = YES;
				GCC_WARN_ABOUT_RETURN_TYPE = YES_ERROR;
				GCC_WARN_UNDECLARED_SELECTOR = YES;
				GCC_WARN_UNINITIALIZED_AUTOS = YES_AGGRESSIVE;
				GCC_WARN_UNUSED_FUNCTION = YES;
				GCC_WARN_UNUSED_VARIABLE = YES;
				IPHONEOS_DEPLOYMENT_TARGET = 9.0;
				MTL_ENABLE_DEBUG_INFO = YES;
				ONLY_ACTIVE_ARCH = YES;
				SDKROOT = iphoneos;
			};
			name = Debug;
		};
		86F5F05E1E7E8B6E00069983 /* Release */ = {
			isa = XCBuildConfiguration;
			buildSettings = {
				ALWAYS_SEARCH_USER_PATHS = NO;
				CLANG_ANALYZER_NONNULL = YES;
				CLANG_CXX_LANGUAGE_STANDARD = "gnu++0x";
				CLANG_CXX_LIBRARY = "libc++";
				CLANG_ENABLE_MODULES = YES;
				CLANG_ENABLE_OBJC_ARC = YES;
				CLANG_WARN_BOOL_CONVERSION = YES;
				CLANG_WARN_CONSTANT_CONVERSION = YES;
				CLANG_WARN_DIRECT_OBJC_ISA_USAGE = YES_ERROR;
				CLANG_WARN_DOCUMENTATION_COMMENTS = YES;
				CLANG_WARN_EMPTY_BODY = YES;
				CLANG_WARN_ENUM_CONVERSION = YES;
				CLANG_WARN_INFINITE_RECURSION = YES;
				CLANG_WARN_INT_CONVERSION = YES;
				CLANG_WARN_OBJC_ROOT_CLASS = YES_ERROR;
				CLANG_WARN_SUSPICIOUS_MOVE = YES;
				CLANG_WARN_UNREACHABLE_CODE = YES;
				CLANG_WARN__DUPLICATE_METHOD_MATCH = YES;
				"CODE_SIGN_IDENTITY[sdk=iphoneos*]" = "iPhone Developer";
				COPY_PHASE_STRIP = NO;
				DEBUG_INFORMATION_FORMAT = "dwarf-with-dsym";
				ENABLE_NS_ASSERTIONS = NO;
				ENABLE_STRICT_OBJC_MSGSEND = YES;
				GCC_C_LANGUAGE_STANDARD = gnu99;
				GCC_NO_COMMON_BLOCKS = YES;
				GCC_WARN_64_TO_32_BIT_CONVERSION = YES;
				GCC_WARN_ABOUT_RETURN_TYPE = YES_ERROR;
				GCC_WARN_UNDECLARED_SELECTOR = YES;
				GCC_WARN_UNINITIALIZED_AUTOS = YES_AGGRESSIVE;
				GCC_WARN_UNUSED_FUNCTION = YES;
				GCC_WARN_UNUSED_VARIABLE = YES;
				IPHONEOS_DEPLOYMENT_TARGET = 9.0;
				MTL_ENABLE_DEBUG_INFO = NO;
				SDKROOT = iphoneos;
				VALIDATE_PRODUCT = YES;
			};
			name = Release;
		};
		86F5F0601E7E8B6E00069983 /* Debug */ = {
			isa = XCBuildConfiguration;
			baseConfigurationReference = 6EFE9F1037C261D27434EC01 /* Pods-CCFreshStoreApp.debug.xcconfig */;
			buildSettings = {
				ASSETCATALOG_COMPILER_APPICON_NAME = AppIcon;
				CLANG_ENABLE_MODULES = YES;
				CODE_SIGN_ENTITLEMENTS = CCFreshStoreApp/CCFreshStoreApp.entitlements;
				DEVELOPMENT_TEAM = 72SC2S8T6M;
				INFOPLIST_FILE = CCFreshStoreApp/Info.plist;
				IPHONEOS_DEPLOYMENT_TARGET = 9.0;
				LD_RUNPATH_SEARCH_PATHS = "$(inherited) @executable_path/Frameworks";
				PRODUCT_BUNDLE_IDENTIFIER = com.ccss.CCFreshStoreApp;
				PRODUCT_NAME = "$(TARGET_NAME)";
				SWIFT_OPTIMIZATION_LEVEL = "-Onone";
				SWIFT_VERSION = 3.0;
			};
			name = Debug;
		};
		86F5F0611E7E8B6E00069983 /* Release */ = {
			isa = XCBuildConfiguration;
			baseConfigurationReference = 5BABEC59049935BCE8ED0FD6 /* Pods-CCFreshStoreApp.release.xcconfig */;
			buildSettings = {
				ASSETCATALOG_COMPILER_APPICON_NAME = AppIcon;
				CLANG_ENABLE_MODULES = YES;
				CODE_SIGN_ENTITLEMENTS = CCFreshStoreApp/CCFreshStoreApp.entitlements;
				DEVELOPMENT_TEAM = 72SC2S8T6M;
				INFOPLIST_FILE = CCFreshStoreApp/Info.plist;
				IPHONEOS_DEPLOYMENT_TARGET = 9.0;
				LD_RUNPATH_SEARCH_PATHS = "$(inherited) @executable_path/Frameworks";
				PRODUCT_BUNDLE_IDENTIFIER = com.ccss.CCFreshStoreApp;
				PRODUCT_NAME = "$(TARGET_NAME)";
				SWIFT_VERSION = 3.0;
			};
			name = Release;
		};
/* End XCBuildConfiguration section */

/* Begin XCConfigurationList section */
		86F5F0431E7E8B6E00069983 /* Build configuration list for PBXProject "CCFreshStoreApp" */ = {
			isa = XCConfigurationList;
			buildConfigurations = (
				86F5F05D1E7E8B6E00069983 /* Debug */,
				86F5F05E1E7E8B6E00069983 /* Release */,
			);
			defaultConfigurationIsVisible = 0;
			defaultConfigurationName = Release;
		};
		86F5F05F1E7E8B6E00069983 /* Build configuration list for PBXNativeTarget "CCFreshStoreApp" */ = {
			isa = XCConfigurationList;
			buildConfigurations = (
				86F5F0601E7E8B6E00069983 /* Debug */,
				86F5F0611E7E8B6E00069983 /* Release */,
			);
			defaultConfigurationIsVisible = 0;
			defaultConfigurationName = Release;
		};
/* End XCConfigurationList section */
	};
	rootObject = 86F5F0401E7E8B6E00069983 /* Project object */;
}
